<Solution>
  <Folder Name="/src/">
    <Project Path="src/FCG.API/FCG.API.csproj" />
    <Project Path="src/FCG.Application/FCG.Application.csproj" />
    <Project Path="src/FCG.Domain/FCG.Domain.csproj" />
    <Project Path="src/FCG.Infrastructure/FCG.Infrastructure.csproj" />
  </Folder>
  <Folder Name="/test/">
    <Project Path="test/FCG.Test/FCG.Test.csproj" />
  </Folder>
</Solution>
